// !$*UTF8*$!
{
	archiveVersion = 1;
	classes = {
	};
	objectVersion = 50;
	objects = {

/* Begin PBXBuildFile section */
		19490ADE23322DB6003AEA4F /* AppDelegate.m in Sources */ = {isa = PBXBuildFile; fileRef = 19490ADD23322DB6003AEA4F /* AppDelegate.m */; };
		19490AE123322DB6003AEA4F /* ViewController.m in Sources */ = {isa = PBXBuildFile; fileRef = 19490AE023322DB6003AEA4F /* ViewController.m */; };
		19490AE423322DB6003AEA4F /* Main.storyboard in Resources */ = {isa = PBXBuildFile; fileRef = 19490AE223322DB6003AEA4F /* Main.storyboard */; };
		19490AE623322DCE003AEA4F /* Assets.xcassets in Resources */ = {isa = PBXBuildFile; fileRef = 19490AE523322DCE003AEA4F /* Assets.xcassets */; };
		19490AE923322DCE003AEA4F /* LaunchScreen.storyboard in Resources */ = {isa = PBXBuildFile; fileRef = 19490AE723322DCE003AEA4F /* LaunchScreen.storyboard */; };
		19490AEC23322DCE003AEA4F /* main.m in Sources */ = {isa = PBXBuildFile; fileRef = 19490AEB23322DCE003AEA4F /* main.m */; };
		19490BA623322F80003AEA4F /* Request.m in Sources */ = {isa = PBXBuildFile; fileRef = 19490B6523322F7F003AEA4F /* Request.m */; };
		19490BA723322F80003AEA4F /* SceneModel.m in Sources */ = {isa = PBXBuildFile; fileRef = 19490B6623322F7F003AEA4F /* SceneModel.m */; };
		19490BA823322F80003AEA4F /* Action.m in Sources */ = {isa = PBXBuildFile; fileRef = 19490B6B23322F7F003AEA4F /* Action.m */; };
		19490BAA23322F80003AEA4F /* EasyKit.m in Sources */ = {isa = PBXBuildFile; fileRef = 19490B6F23322F7F003AEA4F /* EasyKit.m */; };
		19490BAB23322F80003AEA4F /* NSData+EasyExtend.m in Sources */ = {isa = PBXBuildFile; fileRef = 19490B7023322F7F003AEA4F /* NSData+EasyExtend.m */; };
		19490BAC23322F80003AEA4F /* NSNumber+EasyExtend.mm in Sources */ = {isa = PBXBuildFile; fileRef = 19490B7123322F7F003AEA4F /* NSNumber+EasyExtend.mm */; };
		19490BAD23322F80003AEA4F /* NSString+EasyExtend.m in Sources */ = {isa = PBXBuildFile; fileRef = 19490B7223322F7F003AEA4F /* NSString+EasyExtend.m */; };
		19490BAF23322F80003AEA4F /* Easy_Runtime.mm in Sources */ = {isa = PBXBuildFile; fileRef = 19490B7423322F7F003AEA4F /* Easy_Runtime.mm */; };
		19490BB023322F80003AEA4F /* NSDictionary+EasyExtend.mm in Sources */ = {isa = PBXBuildFile; fileRef = 19490B7623322F7F003AEA4F /* NSDictionary+EasyExtend.mm */; };
		19490BB123322F80003AEA4F /* URLNavigation.m in Sources */ = {isa = PBXBuildFile; fileRef = 19490B7923322F7F003AEA4F /* URLNavigation.m */; };
		19490BB323322F80003AEA4F /* NSObject+EasyTypeConversion.mm in Sources */ = {isa = PBXBuildFile; fileRef = 19490B7F23322F7F003AEA4F /* NSObject+EasyTypeConversion.mm */; };
		19490BB523322F80003AEA4F /* NSArray+EasyExtend.mm in Sources */ = {isa = PBXBuildFile; fileRef = 19490B8123322F7F003AEA4F /* NSArray+EasyExtend.mm */; };
		19490BB623322F80003AEA4F /* NSObject+EasyJSON.mm in Sources */ = {isa = PBXBuildFile; fileRef = 19490B8223322F7F003AEA4F /* NSObject+EasyJSON.mm */; };
		19490BB823322F80003AEA4F /* EZNavigationController.m in Sources */ = {isa = PBXBuildFile; fileRef = 19490B8623322F7F003AEA4F /* EZNavigationController.m */; };
		19490BBA23322F80003AEA4F /* pinyin.m in Sources */ = {isa = PBXBuildFile; fileRef = 19490B9123322F7F003AEA4F /* pinyin.m */; };
		19490BBE23322F80003AEA4F /* NSDate+EasyExtend.mm in Sources */ = {isa = PBXBuildFile; fileRef = 19490B9D23322F7F003AEA4F /* NSDate+EasyExtend.mm */; };
		19490BC323323750003AEA4F /* RequestTest.m in Sources */ = {isa = PBXBuildFile; fileRef = 19490BC223323750003AEA4F /* RequestTest.m */; };
		19490BC6233238E0003AEA4F /* SceneModelTest.m in Sources */ = {isa = PBXBuildFile; fileRef = 19490BC5233238E0003AEA4F /* SceneModelTest.m */; };
		1984A94823331E6A001AD5C0 /* NSObject+EasyProperty.mm in Sources */ = {isa = PBXBuildFile; fileRef = 1984A94723331E6A001AD5C0 /* NSObject+EasyProperty.mm */; };
		4002CB06E23D557DF0747EF0 /* libPods-EasyIOS.a in Frameworks */ = {isa = PBXBuildFile; fileRef = F7547EF6EA74DE7B08E712C0 /* libPods-EasyIOS.a */; };
/* End PBXBuildFile section */

/* Begin PBXFileReference section */
		19490AD923322DB6003AEA4F /* EasyIOS.app */ = {isa = PBXFileReference; explicitFileType = wrapper.application; includeInIndex = 0; path = EasyIOS.app; sourceTree = BUILT_PRODUCTS_DIR; };
		19490ADC23322DB6003AEA4F /* AppDelegate.h */ = {isa = PBXFileReference; lastKnownFileType = sourcecode.c.h; path = AppDelegate.h; sourceTree = "<group>"; };
		19490ADD23322DB6003AEA4F /* AppDelegate.m */ = {isa = PBXFileReference; lastKnownFileType = sourcecode.c.objc; path = AppDelegate.m; sourceTree = "<group>"; };
		19490ADF23322DB6003AEA4F /* ViewController.h */ = {isa = PBXFileReference; lastKnownFileType = sourcecode.c.h; path = ViewController.h; sourceTree = "<group>"; };
		19490AE023322DB6003AEA4F /* ViewController.m */ = {isa = PBXFileReference; lastKnownFileType = sourcecode.c.objc; path = ViewController.m; sourceTree = "<group>"; };
		19490AE323322DB6003AEA4F /* Base */ = {isa = PBXFileReference; lastKnownFileType = file.storyboard; name = Base; path = Base.lproj/Main.storyboard; sourceTree = "<group>"; };
		19490AE523322DCE003AEA4F /* Assets.xcassets */ = {isa = PBXFileReference; lastKnownFileType = folder.assetcatalog; path = Assets.xcassets; sourceTree = "<group>"; };
		19490AE823322DCE003AEA4F /* Base */ = {isa = PBXFileReference; lastKnownFileType = file.storyboard; name = Base; path = Base.lproj/LaunchScreen.storyboard; sourceTree = "<group>"; };
		19490AEA23322DCE003AEA4F /* Info.plist */ = {isa = PBXFileReference; lastKnownFileType = text.plist.xml; path = Info.plist; sourceTree = "<group>"; };
		19490AEB23322DCE003AEA4F /* main.m */ = {isa = PBXFileReference; lastKnownFileType = sourcecode.c.objc; path = main.m; sourceTree = "<group>"; };
		19490B5A23322F7F003AEA4F /* EasyIOS.h */ = {isa = PBXFileReference; fileEncoding = 4; lastKnownFileType = sourcecode.c.h; path = EasyIOS.h; sourceTree = "<group>"; };
		19490B6523322F7F003AEA4F /* Request.m */ = {isa = PBXFileReference; fileEncoding = 4; lastKnownFileType = sourcecode.c.objc; path = Request.m; sourceTree = "<group>"; };
		19490B6623322F7F003AEA4F /* SceneModel.m */ = {isa = PBXFileReference; fileEncoding = 4; lastKnownFileType = sourcecode.c.objc; path = SceneModel.m; sourceTree = "<group>"; };
		19490B6723322F7F003AEA4F /* ActionDelegate.h */ = {isa = PBXFileReference; fileEncoding = 4; lastKnownFileType = sourcecode.c.h; path = ActionDelegate.h; sourceTree = "<group>"; };
		19490B6823322F7F003AEA4F /* Action.h */ = {isa = PBXFileReference; fileEncoding = 4; lastKnownFileType = sourcecode.c.h; path = Action.h; sourceTree = "<group>"; };
		19490B6923322F7F003AEA4F /* SceneModel.h */ = {isa = PBXFileReference; fileEncoding = 4; lastKnownFileType = sourcecode.c.h; path = SceneModel.h; sourceTree = "<group>"; };
		19490B6A23322F7F003AEA4F /* Request.h */ = {isa = PBXFileReference; fileEncoding = 4; lastKnownFileType = sourcecode.c.h; path = Request.h; sourceTree = "<group>"; };
		19490B6B23322F7F003AEA4F /* Action.m */ = {isa = PBXFileReference; fileEncoding = 4; lastKnownFileType = sourcecode.c.objc; path = Action.m; sourceTree = "<group>"; };
		19490B6E23322F7F003AEA4F /* EZNavigationController.h */ = {isa = PBXFileReference; fileEncoding = 4; lastKnownFileType = sourcecode.c.h; path = EZNavigationController.h; sourceTree = "<group>"; };
		19490B6F23322F7F003AEA4F /* EasyKit.m */ = {isa = PBXFileReference; fileEncoding = 4; lastKnownFileType = sourcecode.c.objc; path = EasyKit.m; sourceTree = "<group>"; };
		19490B7023322F7F003AEA4F /* NSData+EasyExtend.m */ = {isa = PBXFileReference; fileEncoding = 4; lastKnownFileType = sourcecode.c.objc; path = "NSData+EasyExtend.m"; sourceTree = "<group>"; };
		19490B7123322F7F003AEA4F /* NSNumber+EasyExtend.mm */ = {isa = PBXFileReference; fileEncoding = 4; lastKnownFileType = sourcecode.cpp.objcpp; path = "NSNumber+EasyExtend.mm"; sourceTree = "<group>"; };
		19490B7223322F7F003AEA4F /* NSString+EasyExtend.m */ = {isa = PBXFileReference; fileEncoding = 4; lastKnownFileType = sourcecode.c.objc; path = "NSString+EasyExtend.m"; sourceTree = "<group>"; };
		19490B7423322F7F003AEA4F /* Easy_Runtime.mm */ = {isa = PBXFileReference; fileEncoding = 4; lastKnownFileType = sourcecode.cpp.objcpp; path = Easy_Runtime.mm; sourceTree = "<group>"; };
		19490B7523322F7F003AEA4F /* Easy_Runtime.h */ = {isa = PBXFileReference; fileEncoding = 4; lastKnownFileType = sourcecode.c.h; path = Easy_Runtime.h; sourceTree = "<group>"; };
		19490B7623322F7F003AEA4F /* NSDictionary+EasyExtend.mm */ = {isa = PBXFileReference; fileEncoding = 4; lastKnownFileType = sourcecode.cpp.objcpp; path = "NSDictionary+EasyExtend.mm"; sourceTree = "<group>"; };
		19490B7723322F7F003AEA4F /* NSDate+EasyExtend.h */ = {isa = PBXFileReference; fileEncoding = 4; lastKnownFileType = sourcecode.c.h; path = "NSDate+EasyExtend.h"; sourceTree = "<group>"; };
		19490B7923322F7F003AEA4F /* URLNavigation.m */ = {isa = PBXFileReference; fileEncoding = 4; lastKnownFileType = sourcecode.c.objc; path = URLNavigation.m; sourceTree = "<group>"; };
		19490B7B23322F7F003AEA4F /* pinyin.h */ = {isa = PBXFileReference; fileEncoding = 4; lastKnownFileType = sourcecode.c.h; path = pinyin.h; sourceTree = "<group>"; };
		19490B7D23322F7F003AEA4F /* EzCacheProtocol.h */ = {isa = PBXFileReference; fileEncoding = 4; lastKnownFileType = sourcecode.c.h; path = EzCacheProtocol.h; sourceTree = "<group>"; };
		19490B7F23322F7F003AEA4F /* NSObject+EasyTypeConversion.mm */ = {isa = PBXFileReference; fileEncoding = 4; lastKnownFileType = sourcecode.cpp.objcpp; path = "NSObject+EasyTypeConversion.mm"; sourceTree = "<group>"; };
		19490B8123322F7F003AEA4F /* NSArray+EasyExtend.mm */ = {isa = PBXFileReference; fileEncoding = 4; lastKnownFileType = sourcecode.cpp.objcpp; path = "NSArray+EasyExtend.mm"; sourceTree = "<group>"; };
		19490B8223322F7F003AEA4F /* NSObject+EasyJSON.mm */ = {isa = PBXFileReference; fileEncoding = 4; lastKnownFileType = sourcecode.cpp.objcpp; path = "NSObject+EasyJSON.mm"; sourceTree = "<group>"; };
		19490B8323322F7F003AEA4F /* NSData+EasyExtend.h */ = {isa = PBXFileReference; fileEncoding = 4; lastKnownFileType = sourcecode.c.h; path = "NSData+EasyExtend.h"; sourceTree = "<group>"; };
		19490B8523322F7F003AEA4F /* EasyKit.h */ = {isa = PBXFileReference; fileEncoding = 4; lastKnownFileType = sourcecode.c.h; path = EasyKit.h; sourceTree = "<group>"; };
		19490B8623322F7F003AEA4F /* EZNavigationController.m */ = {isa = PBXFileReference; fileEncoding = 4; lastKnownFileType = sourcecode.c.objc; path = EZNavigationController.m; sourceTree = "<group>"; };
		19490B8723322F7F003AEA4F /* Easy.h */ = {isa = PBXFileReference; fileEncoding = 4; lastKnownFileType = sourcecode.c.h; path = Easy.h; sourceTree = "<group>"; };
		19490B8823322F7F003AEA4F /* NSObject+EasyTypeConversion.h */ = {isa = PBXFileReference; fileEncoding = 4; lastKnownFileType = sourcecode.c.h; path = "NSObject+EasyTypeConversion.h"; sourceTree = "<group>"; };
		19490B8923322F7F003AEA4F /* EzSingleton.h */ = {isa = PBXFileReference; fileEncoding = 4; lastKnownFileType = sourcecode.c.h; path = EzSingleton.h; sourceTree = "<group>"; };
		19490B8A23322F7F003AEA4F /* NSObject+EasyJSON.h */ = {isa = PBXFileReference; fileEncoding = 4; lastKnownFileType = sourcecode.c.h; path = "NSObject+EasyJSON.h"; sourceTree = "<group>"; };
		19490B8D23322F7F003AEA4F /* NSString+EasyExtend.h */ = {isa = PBXFileReference; fileEncoding = 4; lastKnownFileType = sourcecode.c.h; path = "NSString+EasyExtend.h"; sourceTree = "<group>"; };
		19490B8E23322F7F003AEA4F /* NSArray+EasyExtend.h */ = {isa = PBXFileReference; fileEncoding = 4; lastKnownFileType = sourcecode.c.h; path = "NSArray+EasyExtend.h"; sourceTree = "<group>"; };
		19490B9023322F7F003AEA4F /* NSDictionary+EasyExtend.h */ = {isa = PBXFileReference; fileEncoding = 4; lastKnownFileType = sourcecode.c.h; path = "NSDictionary+EasyExtend.h"; sourceTree = "<group>"; };
		19490B9123322F7F003AEA4F /* pinyin.m */ = {isa = PBXFileReference; fileEncoding = 4; lastKnownFileType = sourcecode.c.objc; path = pinyin.m; sourceTree = "<group>"; };
		19490B9223322F7F003AEA4F /* NSNumber+EasyExtend.h */ = {isa = PBXFileReference; fileEncoding = 4; lastKnownFileType = sourcecode.c.h; path = "NSNumber+EasyExtend.h"; sourceTree = "<group>"; };
		19490B9D23322F7F003AEA4F /* NSDate+EasyExtend.mm */ = {isa = PBXFileReference; fileEncoding = 4; lastKnownFileType = sourcecode.cpp.objcpp; path = "NSDate+EasyExtend.mm"; sourceTree = "<group>"; };
		19490B9E23322F7F003AEA4F /* URLNavigation.h */ = {isa = PBXFileReference; fileEncoding = 4; lastKnownFileType = sourcecode.c.h; path = URLNavigation.h; sourceTree = "<group>"; };
		19490BC023322FA0003AEA4F /* PrefixHeader.pch */ = {isa = PBXFileReference; lastKnownFileType = sourcecode.c.h; path = PrefixHeader.pch; sourceTree = "<group>"; };
		19490BC123323750003AEA4F /* RequestTest.h */ = {isa = PBXFileReference; lastKnownFileType = sourcecode.c.h; path = RequestTest.h; sourceTree = "<group>"; };
		19490BC223323750003AEA4F /* RequestTest.m */ = {isa = PBXFileReference; lastKnownFileType = sourcecode.c.objc; path = RequestTest.m; sourceTree = "<group>"; };
		19490BC4233238E0003AEA4F /* SceneModelTest.h */ = {isa = PBXFileReference; lastKnownFileType = sourcecode.c.h; path = SceneModelTest.h; sourceTree = "<group>"; };
		19490BC5233238E0003AEA4F /* SceneModelTest.m */ = {isa = PBXFileReference; lastKnownFileType = sourcecode.c.objc; path = SceneModelTest.m; sourceTree = "<group>"; };
		1984A94623331E69001AD5C0 /* NSObject+EasyProperty.h */ = {isa = PBXFileReference; fileEncoding = 4; lastKnownFileType = sourcecode.c.h; path = "NSObject+EasyProperty.h"; sourceTree = "<group>"; };
		1984A94723331E6A001AD5C0 /* NSObject+EasyProperty.mm */ = {isa = PBXFileReference; fileEncoding = 4; lastKnownFileType = sourcecode.cpp.objcpp; path = "NSObject+EasyProperty.mm"; sourceTree = "<group>"; };
		4629C431D330C0500940D815 /* Pods-EasyIOS.release.xcconfig */ = {isa = PBXFileReference; includeInIndex = 1; lastKnownFileType = text.xcconfig; name = "Pods-EasyIOS.release.xcconfig"; path = "Target Support Files/Pods-EasyIOS/Pods-EasyIOS.release.xcconfig"; sourceTree = "<group>"; };
		52B46446350215A30952D00A /* Pods-EasyIOS.debug.xcconfig */ = {isa = PBXFileReference; includeInIndex = 1; lastKnownFileType = text.xcconfig; name = "Pods-EasyIOS.debug.xcconfig"; path = "Target Support Files/Pods-EasyIOS/Pods-EasyIOS.debug.xcconfig"; sourceTree = "<group>"; };
		F7547EF6EA74DE7B08E712C0 /* libPods-EasyIOS.a */ = {isa = PBXFileReference; explicitFileType = archive.ar; includeInIndex = 0; path = "libPods-EasyIOS.a"; sourceTree = BUILT_PRODUCTS_DIR; };
/* End PBXFileReference section */

/* Begin PBXFrameworksBuildPhase section */
		19490AD623322DB6003AEA4F /* Frameworks */ = {
			isa = PBXFrameworksBuildPhase;
			buildActionMask = 2147483647;
			files = (
				4002CB06E23D557DF0747EF0 /* libPods-EasyIOS.a in Frameworks */,
			);
			runOnlyForDeploymentPostprocessing = 0;
		};
/* End PBXFrameworksBuildPhase section */

/* Begin PBXGroup section */
		19490AD023322DB6003AEA4F = {
			isa = PBXGroup;
			children = (
				19490ADB23322DB6003AEA4F /* EasyIOS */,
				19490ADA23322DB6003AEA4F /* Products */,
				2F3FC647BF7DEEB1E47E5859 /* Pods */,
				CEE29BE1692852D614E3B1EC /* Frameworks */,
			);
			sourceTree = "<group>";
		};
		19490ADA23322DB6003AEA4F /* Products */ = {
			isa = PBXGroup;
			children = (
				19490AD923322DB6003AEA4F /* EasyIOS.app */,
			);
			name = Products;
			sourceTree = "<group>";
		};
		19490ADB23322DB6003AEA4F /* EasyIOS */ = {
			isa = PBXGroup;
			children = (
				19490B5923322F7F003AEA4F /* EasyIOS */,
				19490ADC23322DB6003AEA4F /* AppDelegate.h */,
				19490ADD23322DB6003AEA4F /* AppDelegate.m */,
				19490ADF23322DB6003AEA4F /* ViewController.h */,
				19490AE023322DB6003AEA4F /* ViewController.m */,
				19490BC123323750003AEA4F /* RequestTest.h */,
				19490BC223323750003AEA4F /* RequestTest.m */,
				19490BC4233238E0003AEA4F /* SceneModelTest.h */,
				19490BC5233238E0003AEA4F /* SceneModelTest.m */,
				19490AE223322DB6003AEA4F /* Main.storyboard */,
				19490AE523322DCE003AEA4F /* Assets.xcassets */,
				19490AE723322DCE003AEA4F /* LaunchScreen.storyboard */,
				19490AEA23322DCE003AEA4F /* Info.plist */,
				19490AEB23322DCE003AEA4F /* main.m */,
				19490BC023322FA0003AEA4F /* PrefixHeader.pch */,
			);
			path = EasyIOS;
			sourceTree = "<group>";
		};
		19490B5923322F7F003AEA4F /* EasyIOS */ = {
			isa = PBXGroup;
			children = (
				19490B5A23322F7F003AEA4F /* EasyIOS.h */,
				19490B6423322F7F003AEA4F /* Core */,
				19490B6C23322F7F003AEA4F /* Lib */,
			);
			path = EasyIOS;
			sourceTree = "<group>";
		};
		19490B6423322F7F003AEA4F /* Core */ = {
			isa = PBXGroup;
			children = (
				19490B6A23322F7F003AEA4F /* Request.h */,
				19490B6523322F7F003AEA4F /* Request.m */,
				19490B6723322F7F003AEA4F /* ActionDelegate.h */,
				19490B6823322F7F003AEA4F /* Action.h */,
				19490B6B23322F7F003AEA4F /* Action.m */,
				19490B6923322F7F003AEA4F /* SceneModel.h */,
				19490B6623322F7F003AEA4F /* SceneModel.m */,
			);
			path = Core;
			sourceTree = "<group>";
		};
		19490B6C23322F7F003AEA4F /* Lib */ = {
			isa = PBXGroup;
			children = (
				19490B8723322F7F003AEA4F /* Easy.h */,
				19490B8923322F7F003AEA4F /* EzSingleton.h */,
				19490B7D23322F7F003AEA4F /* EzCacheProtocol.h */,
				19490B8523322F7F003AEA4F /* EasyKit.h */,
				19490B6F23322F7F003AEA4F /* EasyKit.m */,
				19490B8D23322F7F003AEA4F /* NSString+EasyExtend.h */,
				19490B7223322F7F003AEA4F /* NSString+EasyExtend.m */,
				1984A94623331E69001AD5C0 /* NSObject+EasyProperty.h */,
				1984A94723331E6A001AD5C0 /* NSObject+EasyProperty.mm */,
				19490B6E23322F7F003AEA4F /* EZNavigationController.h */,
				19490B8623322F7F003AEA4F /* EZNavigationController.m */,
				19490B7523322F7F003AEA4F /* Easy_Runtime.h */,
				19490B7423322F7F003AEA4F /* Easy_Runtime.mm */,
				19490B7723322F7F003AEA4F /* NSDate+EasyExtend.h */,
				19490B7023322F7F003AEA4F /* NSData+EasyExtend.m */,
				19490B8823322F7F003AEA4F /* NSObject+EasyTypeConversion.h */,
				19490B7F23322F7F003AEA4F /* NSObject+EasyTypeConversion.mm */,
				19490B8E23322F7F003AEA4F /* NSArray+EasyExtend.h */,
				19490B8123322F7F003AEA4F /* NSArray+EasyExtend.mm */,
				19490B8A23322F7F003AEA4F /* NSObject+EasyJSON.h */,
				19490B8223322F7F003AEA4F /* NSObject+EasyJSON.mm */,
				19490B9023322F7F003AEA4F /* NSDictionary+EasyExtend.h */,
				19490B7623322F7F003AEA4F /* NSDictionary+EasyExtend.mm */,
				19490B9223322F7F003AEA4F /* NSNumber+EasyExtend.h */,
				19490B7123322F7F003AEA4F /* NSNumber+EasyExtend.mm */,
				19490B8323322F7F003AEA4F /* NSData+EasyExtend.h */,
				19490B9D23322F7F003AEA4F /* NSDate+EasyExtend.mm */,
				19490B7B23322F7F003AEA4F /* pinyin.h */,
				19490B9123322F7F003AEA4F /* pinyin.m */,
				19490B9E23322F7F003AEA4F /* URLNavigation.h */,
				19490B7923322F7F003AEA4F /* URLNavigation.m */,
			);
			path = Lib;
			sourceTree = "<group>";
		};
		2F3FC647BF7DEEB1E47E5859 /* Pods */ = {
			isa = PBXGroup;
			children = (
				52B46446350215A30952D00A /* Pods-EasyIOS.debug.xcconfig */,
				4629C431D330C0500940D815 /* Pods-EasyIOS.release.xcconfig */,
			);
			path = Pods;
			sourceTree = "<group>";
		};
		CEE29BE1692852D614E3B1EC /* Frameworks */ = {
			isa = PBXGroup;
			children = (
				F7547EF6EA74DE7B08E712C0 /* libPods-EasyIOS.a */,
			);
			name = Frameworks;
			sourceTree = "<group>";
		};
/* End PBXGroup section */

/* Begin PBXNativeTarget section */
		19490AD823322DB6003AEA4F /* EasyIOS */ = {
			isa = PBXNativeTarget;
			buildConfigurationList = 19490AEF23322DCE003AEA4F /* Build configuration list for PBXNativeTarget "EasyIOS" */;
			buildPhases = (
				A028C887D1820895E2DEF153 /* [CP] Check Pods Manifest.lock */,
				19490AD523322DB6003AEA4F /* Sources */,
				19490AD623322DB6003AEA4F /* Frameworks */,
				19490AD723322DB6003AEA4F /* Resources */,
			);
			buildRules = (
			);
			dependencies = (
			);
			name = EasyIOS;
			productName = EasyIOS;
			productReference = 19490AD923322DB6003AEA4F /* EasyIOS.app */;
			productType = "com.apple.product-type.application";
		};
/* End PBXNativeTarget section */

/* Begin PBXProject section */
		19490AD123322DB6003AEA4F /* Project object */ = {
			isa = PBXProject;
			attributes = {
				LastUpgradeCheck = 1030;
				ORGANIZATIONNAME = dnake_ay;
				TargetAttributes = {
					19490AD823322DB6003AEA4F = {
						CreatedOnToolsVersion = 10.3;
					};
				};
			};
			buildConfigurationList = 19490AD423322DB6003AEA4F /* Build configuration list for PBXProject "EasyIOS" */;
			compatibilityVersion = "Xcode 9.3";
			developmentRegion = en;
			hasScannedForEncodings = 0;
			knownRegions = (
				en,
				Base,
			);
			mainGroup = 19490AD023322DB6003AEA4F;
			productRefGroup = 19490ADA23322DB6003AEA4F /* Products */;
			projectDirPath = "";
			projectRoot = "";
			targets = (
				19490AD823322DB6003AEA4F /* EasyIOS */,
			);
		};
/* End PBXProject section */

/* Begin PBXResourcesBuildPhase section */
		19490AD723322DB6003AEA4F /* Resources */ = {
			isa = PBXResourcesBuildPhase;
			buildActionMask = 2147483647;
			files = (
				19490AE923322DCE003AEA4F /* LaunchScreen.storyboard in Resources */,
				19490AE623322DCE003AEA4F /* Assets.xcassets in Resources */,
				19490AE423322DB6003AEA4F /* Main.storyboard in Resources */,
			);
			runOnlyForDeploymentPostprocessing = 0;
		};
/* End PBXResourcesBuildPhase section */

/* Begin PBXShellScriptBuildPhase section */
		A028C887D1820895E2DEF153 /* [CP] Check Pods Manifest.lock */ = {
			isa = PBXShellScriptBuildPhase;
			buildActionMask = 2147483647;
			files = (
			);
			inputFileListPaths = (
			);
			inputPaths = (
				"${PODS_PODFILE_DIR_PATH}/Podfile.lock",
				"${PODS_ROOT}/Manifest.lock",
			);
			name = "[CP] Check Pods Manifest.lock";
			outputFileListPaths = (
			);
			outputPaths = (
				"$(DERIVED_FILE_DIR)/Pods-EasyIOS-checkManifestLockResult.txt",
			);
			runOnlyForDeploymentPostprocessing = 0;
			shellPath = /bin/sh;
			shellScript = "diff \"${PODS_PODFILE_DIR_PATH}/Podfile.lock\" \"${PODS_ROOT}/Manifest.lock\" > /dev/null\nif [ $? != 0 ] ; then\n    # print error to STDERR\n    echo \"error: The sandbox is not in sync with the Podfile.lock. Run 'pod install' or update your CocoaPods installation.\" >&2\n    exit 1\nfi\n# This output is used by Xcode 'outputs' to avoid re-running this script phase.\necho \"SUCCESS\" > \"${SCRIPT_OUTPUT_FILE_0}\"\n";
			showEnvVarsInLog = 0;
		};
/* End PBXShellScriptBuildPhase section */

/* Begin PBXSourcesBuildPhase section */
		19490AD523322DB6003AEA4F /* Sources */ = {
			isa = PBXSourcesBuildPhase;
			buildActionMask = 2147483647;
			files = (
				19490BBE23322F80003AEA4F /* NSDate+EasyExtend.mm in Sources */,
				19490BAD23322F80003AEA4F /* NSString+EasyExtend.m in Sources */,
				19490BB823322F80003AEA4F /* EZNavigationController.m in Sources */,
				19490BB323322F80003AEA4F /* NSObject+EasyTypeConversion.mm in Sources */,
				19490BA723322F80003AEA4F /* SceneModel.m in Sources */,
				19490AE123322DB6003AEA4F /* ViewController.m in Sources */,
				19490AEC23322DCE003AEA4F /* main.m in Sources */,
				19490BB123322F80003AEA4F /* URLNavigation.m in Sources */,
				1984A94823331E6A001AD5C0 /* NSObject+EasyProperty.mm in Sources */,
				19490BAB23322F80003AEA4F /* NSData+EasyExtend.m in Sources */,
				19490BAF23322F80003AEA4F /* Easy_Runtime.mm in Sources */,
				19490BC6233238E0003AEA4F /* SceneModelTest.m in Sources */,
				19490BB623322F80003AEA4F /* NSObject+EasyJSON.mm in Sources */,
				19490BB023322F80003AEA4F /* NSDictionary+EasyExtend.mm in Sources */,
				19490BAA23322F80003AEA4F /* EasyKit.m in Sources */,
				19490BA623322F80003AEA4F /* Request.m in Sources */,
				19490BA823322F80003AEA4F /* Action.m in Sources */,
				19490BBA23322F80003AEA4F /* pinyin.m in Sources */,
				19490BB523322F80003AEA4F /* NSArray+EasyExtend.mm in Sources */,
				19490ADE23322DB6003AEA4F /* AppDelegate.m in Sources */,
				19490BC323323750003AEA4F /* RequestTest.m in Sources */,
				19490BAC23322F80003AEA4F /* NSNumber+EasyExtend.mm in Sources */,
			);
			runOnlyForDeploymentPostprocessing = 0;
		};
/* End PBXSourcesBuildPhase section */

/* Begin PBXVariantGroup section */
		19490AE223322DB6003AEA4F /* Main.storyboard */ = {
			isa = PBXVariantGroup;
			children = (
				19490AE323322DB6003AEA4F /* Base */,
			);
			name = Main.storyboard;
			sourceTree = "<group>";
		};
		19490AE723322DCE003AEA4F /* LaunchScreen.storyboard */ = {
			isa = PBXVariantGroup;
			children = (
				19490AE823322DCE003AEA4F /* Base */,
			);
			name = LaunchScreen.storyboard;
			sourceTree = "<group>";
		};
/* End PBXVariantGroup section */

/* Begin XCBuildConfiguration section */
		19490AED23322DCE003AEA4F /* Debug */ = {
			isa = XCBuildConfiguration;
			buildSettings = {
				ALWAYS_SEARCH_USER_PATHS = NO;
				CLANG_ANALYZER_NONNULL = YES;
				CLANG_ANALYZER_NUMBER_OBJECT_CONVERSION = YES_AGGRESSIVE;
				CLANG_CXX_LANGUAGE_STANDARD = "gnu++14";
				CLANG_CXX_LIBRARY = "libc++";
				CLANG_ENABLE_MODULES = YES;
				CLANG_ENABLE_OBJC_ARC = YES;
				CLANG_ENABLE_OBJC_WEAK = YES;
				CLANG_WARN_BLOCK_CAPTURE_AUTORELEASING = YES;
				CLANG_WARN_BOOL_CONVERSION = YES;
				CLANG_WARN_COMMA = YES;
				CLANG_WARN_CONSTANT_CONVERSION = YES;
				CLANG_WARN_DEPRECATED_OBJC_IMPLEMENTATIONS = YES;
				CLANG_WARN_DIRECT_OBJC_ISA_USAGE = YES_ERROR;
				CLANG_WARN_DOCUMENTATION_COMMENTS = YES;
				CLANG_WARN_EMPTY_BODY = YES;
				CLANG_WARN_ENUM_CONVERSION = YES;
				CLANG_WARN_INFINITE_RECURSION = YES;
				CLANG_WARN_INT_CONVERSION = YES;
				CLANG_WARN_NON_LITERAL_NULL_CONVERSION = YES;
				CLANG_WARN_OBJC_IMPLICIT_RETAIN_SELF = YES;
				CLANG_WARN_OBJC_LITERAL_CONVERSION = YES;
				CLANG_WARN_OBJC_ROOT_CLASS = YES_ERROR;
				CLANG_WARN_RANGE_LOOP_ANALYSIS = YES;
				CLANG_WARN_STRICT_PROTOTYPES = YES;
				CLANG_WARN_SUSPICIOUS_MOVE = YES;
				CLANG_WARN_UNGUARDED_AVAILABILITY = YES_AGGRESSIVE;
				CLANG_WARN_UNREACHABLE_CODE = YES;
				CLANG_WARN__DUPLICATE_METHOD_MATCH = YES;
				CODE_SIGN_IDENTITY = "iPhone Developer";
				COPY_PHASE_STRIP = NO;
				DEBUG_INFORMATION_FORMAT = dwarf;
				ENABLE_STRICT_OBJC_MSGSEND = YES;
				ENABLE_TESTABILITY = YES;
				GCC_C_LANGUAGE_STANDARD = gnu11;
				GCC_DYNAMIC_NO_PIC = NO;
				GCC_NO_COMMON_BLOCKS = YES;
				GCC_OPTIMIZATION_LEVEL = 0;
				GCC_PREPROCESSOR_DEFINITIONS = (
					"DEBUG=1",
					"$(inherited)",
				);
				GCC_WARN_64_TO_32_BIT_CONVERSION = YES;
				GCC_WARN_ABOUT_RETURN_TYPE = YES_ERROR;
				GCC_WARN_UNDECLARED_SELECTOR = YES;
				GCC_WARN_UNINITIALIZED_AUTOS = YES_AGGRESSIVE;
				GCC_WARN_UNUSED_FUNCTION = YES;
				GCC_WARN_UNUSED_VARIABLE = YES;
				IPHONEOS_DEPLOYMENT_TARGET = 12.4;
				MTL_ENABLE_DEBUG_INFO = INCLUDE_SOURCE;
				MTL_FAST_MATH = YES;
				ONLY_ACTIVE_ARCH = YES;
				SDKROOT = iphoneos;
			};
			name = Debug;
		};
		19490AEE23322DCE003AEA4F /* Release */ = {
			isa = XCBuildConfiguration;
			buildSettings = {
				ALWAYS_SEARCH_USER_PATHS = NO;
				CLANG_ANALYZER_NONNULL = YES;
				CLANG_ANALYZER_NUMBER_OBJECT_CONVERSION = YES_AGGRESSIVE;
				CLANG_CXX_LANGUAGE_STANDARD = "gnu++14";
				CLANG_CXX_LIBRARY = "libc++";
				CLANG_ENABLE_MODULES = YES;
				CLANG_ENABLE_OBJC_ARC = YES;
				CLANG_ENABLE_OBJC_WEAK = YES;
				CLANG_WARN_BLOCK_CAPTURE_AUTORELEASING = YES;
				CLANG_WARN_BOOL_CONVERSION = YES;
				CLANG_WARN_COMMA = YES;
				CLANG_WARN_CONSTANT_CONVERSION = YES;
				CLANG_WARN_DEPRECATED_OBJC_IMPLEMENTATIONS = YES;
				CLANG_WARN_DIRECT_OBJC_ISA_USAGE = YES_ERROR;
				CLANG_WARN_DOCUMENTATION_COMMENTS = YES;
				CLANG_WARN_EMPTY_BODY = YES;
				CLANG_WARN_ENUM_CONVERSION = YES;
				CLANG_WARN_INFINITE_RECURSION = YES;
				CLANG_WARN_INT_CONVERSION = YES;
				CLANG_WARN_NON_LITERAL_NULL_CONVERSION = YES;
				CLANG_WARN_OBJC_IMPLICIT_RETAIN_SELF = YES;
				CLANG_WARN_OBJC_LITERAL_CONVERSION = YES;
				CLANG_WARN_OBJC_ROOT_CLASS = YES_ERROR;
				CLANG_WARN_RANGE_LOOP_ANALYSIS = YES;
				CLANG_WARN_STRICT_PROTOTYPES = YES;
				CLANG_WARN_SUSPICIOUS_MOVE = YES;
				CLANG_WARN_UNGUARDED_AVAILABILITY = YES_AGGRESSIVE;
				CLANG_WARN_UNREACHABLE_CODE = YES;
				CLANG_WARN__DUPLICATE_METHOD_MATCH = YES;
				CODE_SIGN_IDENTITY = "iPhone Developer";
				COPY_PHASE_STRIP = NO;
				DEBUG_INFORMATION_FORMAT = "dwarf-with-dsym";
				ENABLE_NS_ASSERTIONS = NO;
				ENABLE_STRICT_OBJC_MSGSEND = YES;
				GCC_C_LANGUAGE_STANDARD = gnu11;
				GCC_NO_COMMON_BLOCKS = YES;
				GCC_WARN_64_TO_32_BIT_CONVERSION = YES;
				GCC_WARN_ABOUT_RETURN_TYPE = YES_ERROR;
				GCC_WARN_UNDECLARED_SELECTOR = YES;
				GCC_WARN_UNINITIALIZED_AUTOS = YES_AGGRESSIVE;
				GCC_WARN_UNUSED_FUNCTION = YES;
				GCC_WARN_UNUSED_VARIABLE = YES;
				IPHONEOS_DEPLOYMENT_TARGET = 12.4;
				MTL_ENABLE_DEBUG_INFO = NO;
				MTL_FAST_MATH = YES;
				SDKROOT = iphoneos;
				VALIDATE_PRODUCT = YES;
			};
			name = Release;
		};
		19490AF023322DCE003AEA4F /* Debug */ = {
			isa = XCBuildConfiguration;
			baseConfigurationReference = 52B46446350215A30952D00A /* Pods-EasyIOS.debug.xcconfig */;
			buildSettings = {
				ALWAYS_SEARCH_USER_PATHS = YES;
				ASSETCATALOG_COMPILER_APPICON_NAME = AppIcon;
				CODE_SIGN_STYLE = Automatic;
				DEVELOPMENT_TEAM = K337TT4UYE;
				GCC_PREFIX_HEADER = EasyIOS/PrefixHeader.pch;
				INFOPLIST_FILE = EasyIOS/Info.plist;
				IPHONEOS_DEPLOYMENT_TARGET = 10.0;
				LD_RUNPATH_SEARCH_PATHS = (
					"$(inherited)",
					"@executable_path/Frameworks",
				);
				PRODUCT_BUNDLE_IDENTIFIER = com.dnake.EasyIOS;
				PRODUCT_NAME = "$(TARGET_NAME)";
				TARGETED_DEVICE_FAMILY = "1,2";
			};
			name = Debug;
		};
		19490AF123322DCE003AEA4F /* Release */ = {
			isa = XCBuildConfiguration;
			baseConfigurationReference = 4629C431D330C0500940D815 /* Pods-EasyIOS.release.xcconfig */;
			buildSettings = {
				ALWAYS_SEARCH_USER_PATHS = YES;
				ASSETCATALOG_COMPILER_APPICON_NAME = AppIcon;
				CODE_SIGN_STYLE = Automatic;
				DEVELOPMENT_TEAM = K337TT4UYE;
				GCC_PREFIX_HEADER = EasyIOS/PrefixHeader.pch;
				INFOPLIST_FILE = EasyIOS/Info.plist;
				IPHONEOS_DEPLOYMENT_TARGET = 10.0;
				LD_RUNPATH_SEARCH_PATHS = (
					"$(inherited)",
					"@executable_path/Frameworks",
				);
				PRODUCT_BUNDLE_IDENTIFIER = com.dnake.EasyIOS;
				PRODUCT_NAME = "$(TARGET_NAME)";
				TARGETED_DEVICE_FAMILY = "1,2";
			};
			name = Release;
		};
/* End XCBuildConfiguration section */

/* Begin XCConfigurationList section */
		19490AD423322DB6003AEA4F /* Build configuration list for PBXProject "EasyIOS" */ = {
			isa = XCConfigurationList;
			buildConfigurations = (
				19490AED23322DCE003AEA4F /* Debug */,
				19490AEE23322DCE003AEA4F /* Release */,
			);
			defaultConfigurationIsVisible = 0;
			defaultConfigurationName = Release;
		};
		19490AEF23322DCE003AEA4F /* Build configuration list for PBXNativeTarget "EasyIOS" */ = {
			isa = XCConfigurationList;
			buildConfigurations = (
				19490AF023322DCE003AEA4F /* Debug */,
				19490AF123322DCE003AEA4F /* Release */,
			);
			defaultConfigurationIsVisible = 0;
			defaultConfigurationName = Release;
		};
/* End XCConfigurationList section */
	};
	rootObject = 19490AD123322DB6003AEA4F /* Project object */;
}
